
Microsoft Visual Studio Solution File, Format Version 12.00
# Visual Studio 15
VisualStudioVersion = 15.0.27703.2018
MinimumVisualStudioVersion = 10.0.40219.1
Project("{9A19103F-16F7-4668-BE54-9A1E7A4F7556}") = "Playground", "Playground\Playground\Playground.csproj", "{785263BD-571E-4020-A752-861280B918BB}"
EndProject
Project("{FAE04EC0-301F-11D3-BF4B-00C04F79EFBC}") = "Playground.Android", "Playground\Playground.Android\Playground.Android.csproj", "{87036562-F671-4E5A-8B80-635A512A3D55}"
EndProject
Project("{FAE04EC0-301F-11D3-BF4B-00C04F79EFBC}") = "Playground.iOS", "Playground\Playground.iOS\Playground.iOS.csproj", "{00C741BD-0596-4960-B8C9-FDB511C87C61}"
EndProject
Project("{9A19103F-16F7-4668-BE54-9A1E7A4F7556}") = "Playground.MobileAppService", "Playground\Playground.MobileAppService\Playground.MobileAppService.csproj", "{8AF98407-3FD5-4EC1-8C4E-14C45C04D4DE}"
EndProject
Global
	GlobalSection(SolutionConfigurationPlatforms) = preSolution
		Debug|Any CPU = Debug|Any CPU
		Debug|iPhone = Debug|iPhone
		Debug|iPhoneSimulator = Debug|iPhoneSimulator
		Release|Any CPU = Release|Any CPU
		Release|iPhone = Release|iPhone
		Release|iPhoneSimulator = Release|iPhoneSimulator
	EndGlobalSection
	GlobalSection(ProjectConfigurationPlatforms) = postSolution
		{785263BD-571E-4020-A752-861280B918BB}.Debug|Any CPU.ActiveCfg = Debug|Any CPU
		{785263BD-571E-4020-A752-861280B918BB}.Debug|Any CPU.Build.0 = Debug|Any CPU
		{785263BD-571E-4020-A752-861280B918BB}.Debug|iPhone.ActiveCfg = Debug|Any CPU
		{785263BD-571E-4020-A752-861280B918BB}.Debug|iPhone.Build.0 = Debug|Any CPU
		{785263BD-571E-4020-A752-861280B918BB}.Debug|iPhoneSimulator.ActiveCfg = Debug|Any CPU
		{785263BD-571E-4020-A752-861280B918BB}.Debug|iPhoneSimulator.Build.0 = Debug|Any CPU
		{785263BD-571E-4020-A752-861280B918BB}.Release|Any CPU.ActiveCfg = Release|Any CPU
		{785263BD-571E-4020-A752-861280B918BB}.Release|Any CPU.Build.0 = Release|Any CPU
		{785263BD-571E-4020-A752-861280B918BB}.Release|iPhone.ActiveCfg = Release|Any CPU
		{785263BD-571E-4020-A752-861280B918BB}.Release|iPhone.Build.0 = Release|Any CPU
		{785263BD-571E-4020-A752-861280B918BB}.Release|iPhoneSimulator.ActiveCfg = Release|Any CPU
		{785263BD-571E-4020-A752-861280B918BB}.Release|iPhoneSimulator.Build.0 = Release|Any CPU
		{87036562-F671-4E5A-8B80-635A512A3D55}.Debug|Any CPU.ActiveCfg = Debug|Any CPU
		{87036562-F671-4E5A-8B80-635A512A3D55}.Debug|Any CPU.Build.0 = Debug|Any CPU
		{87036562-F671-4E5A-8B80-635A512A3D55}.Debug|Any CPU.Deploy.0 = Debug|Any CPU
		{87036562-F671-4E5A-8B80-635A512A3D55}.Debug|iPhone.ActiveCfg = Debug|Any CPU
		{87036562-F671-4E5A-8B80-635A512A3D55}.Debug|iPhone.Build.0 = Debug|Any CPU
		{87036562-F671-4E5A-8B80-635A512A3D55}.Debug|iPhone.Deploy.0 = Debug|Any CPU
		{87036562-F671-4E5A-8B80-635A512A3D55}.Debug|iPhoneSimulator.ActiveCfg = Debug|Any CPU
		{87036562-F671-4E5A-8B80-635A512A3D55}.Debug|iPhoneSimulator.Build.0 = Debug|Any CPU
		{87036562-F671-4E5A-8B80-635A512A3D55}.Debug|iPhoneSimulator.Deploy.0 = Debug|Any CPU
		{87036562-F671-4E5A-8B80-635A512A3D55}.Release|Any CPU.ActiveCfg = Release|Any CPU
		{87036562-F671-4E5A-8B80-635A512A3D55}.Release|Any CPU.Build.0 = Release|Any CPU
		{87036562-F671-4E5A-8B80-635A512A3D55}.Release|Any CPU.Deploy.0 = Release|Any CPU
		{87036562-F671-4E5A-8B80-635A512A3D55}.Release|iPhone.ActiveCfg = Release|Any CPU
		{87036562-F671-4E5A-8B80-635A512A3D55}.Release|iPhone.Build.0 = Release|Any CPU
		{87036562-F671-4E5A-8B80-635A512A3D55}.Release|iPhone.Deploy.0 = Release|Any CPU
		{87036562-F671-4E5A-8B80-635A512A3D55}.Release|iPhoneSimulator.ActiveCfg = Release|Any CPU
		{87036562-F671-4E5A-8B80-635A512A3D55}.Release|iPhoneSimulator.Build.0 = Release|Any CPU
		{87036562-F671-4E5A-8B80-635A512A3D55}.Release|iPhoneSimulator.Deploy.0 = Release|Any CPU
		{00C741BD-0596-4960-B8C9-FDB511C87C61}.Debug|Any CPU.ActiveCfg = Debug|iPhone
		{00C741BD-0596-4960-B8C9-FDB511C87C61}.Debug|iPhone.ActiveCfg = Debug|iPhone
		{00C741BD-0596-4960-B8C9-FDB511C87C61}.Debug|iPhone.Build.0 = Debug|iPhone
		{00C741BD-0596-4960-B8C9-FDB511C87C61}.Debug|iPhoneSimulator.ActiveCfg = Debug|iPhoneSimulator
		{00C741BD-0596-4960-B8C9-FDB511C87C61}.Debug|iPhoneSimulator.Build.0 = Debug|iPhoneSimulator
		{00C741BD-0596-4960-B8C9-FDB511C87C61}.Release|Any CPU.ActiveCfg = Release|iPhone
		{00C741BD-0596-4960-B8C9-FDB511C87C61}.Release|iPhone.ActiveCfg = Release|iPhone
		{00C741BD-0596-4960-B8C9-FDB511C87C61}.Release|iPhone.Build.0 = Release|iPhone
		{00C741BD-0596-4960-B8C9-FDB511C87C61}.Release|iPhoneSimulator.ActiveCfg = Release|iPhoneSimulator
		{00C741BD-0596-4960-B8C9-FDB511C87C61}.Release|iPhoneSimulator.Build.0 = Release|iPhoneSimulator
		{8AF98407-3FD5-4EC1-8C4E-14C45C04D4DE}.Debug|Any CPU.ActiveCfg = Debug|Any CPU
		{8AF98407-3FD5-4EC1-8C4E-14C45C04D4DE}.Debug|Any CPU.Build.0 = Debug|Any CPU
		{8AF98407-3FD5-4EC1-8C4E-14C45C04D4DE}.Debug|iPhone.ActiveCfg = Debug|Any CPU
		{8AF98407-3FD5-4EC1-8C4E-14C45C04D4DE}.Debug|iPhone.Build.0 = Debug|Any CPU
		{8AF98407-3FD5-4EC1-8C4E-14C45C04D4DE}.Debug|iPhoneSimulator.ActiveCfg = Debug|Any CPU
		{8AF98407-3FD5-4EC1-8C4E-14C45C04D4DE}.Debug|iPhoneSimulator.Build.0 = Debug|Any CPU
		{8AF98407-3FD5-4EC1-8C4E-14C45C04D4DE}.Release|Any CPU.ActiveCfg = Release|Any CPU
		{8AF98407-3FD5-4EC1-8C4E-14C45C04D4DE}.Release|Any CPU.Build.0 = Release|Any CPU
		{8AF98407-3FD5-4EC1-8C4E-14C45C04D4DE}.Release|iPhone.ActiveCfg = Release|Any CPU
		{8AF98407-3FD5-4EC1-8C4E-14C45C04D4DE}.Release|iPhone.Build.0 = Release|Any CPU
		{8AF98407-3FD5-4EC1-8C4E-14C45C04D4DE}.Release|iPhoneSimulator.ActiveCfg = Release|Any CPU
		{8AF98407-3FD5-4EC1-8C4E-14C45C04D4DE}.Release|iPhoneSimulator.Build.0 = Release|Any CPU
	EndGlobalSection
	GlobalSection(SolutionProperties) = preSolution
		HideSolutionNode = FALSE
	EndGlobalSection
	GlobalSection(ExtensibilityGlobals) = postSolution
		SolutionGuid = {6E6F201C-3242-4214-BAF9-813F37BE88F6}
	EndGlobalSection
EndGlobal
